
Microsoft Visual Studio Solution File, Format Version 12.00
# Visual Studio Version 16
VisualStudioVersion = 16.0.31005.135
MinimumVisualStudioVersion = 10.0.40219.1
Project("{FAE04EC0-301F-11D3-BF4B-00C04F79EFBC}") = "UnCapFF", "4KNativeEditor\UnCapFF.csproj", "{71439347-2EA7-4870-8B16-ED1020904A1E}"
EndProject
Global
	GlobalSection(SolutionConfigurationPlatforms) = preSolution
		Debug|Any CPU = Debug|Any CPU
		Release|Any CPU = Release|Any CPU
	EndGlobalSection
	GlobalSection(ProjectConfigurationPlatforms) = postSolution
		{71439347-2EA7-4870-8B16-ED1020904A1E}.Debug|Any CPU.ActiveCfg = Debug|Any CPU
		{71439347-2EA7-4870-8B16-ED1020904A1E}.Debug|Any CPU.Build.0 = Debug|Any CPU
		{71439347-2EA7-4870-8B16-ED1020904A1E}.Release|Any CPU.ActiveCfg = Release|Any CPU
		{71439347-2EA7-4870-8B16-ED1020904A1E}.Release|Any CPU.Build.0 = Release|Any CPU
	EndGlobalSection
	GlobalSection(SolutionProperties) = preSolution
		HideSolutionNode = FALSE
	EndGlobalSection
	GlobalSection(ExtensibilityGlobals) = postSolution
		SolutionGuid = {0AE63D36-005C-4F0C-A1B5-2BDC7B1EA4AC}
	EndGlobalSection
EndGlobal
